
Microsoft Visual Studio Solution File, Format Version 12.00
# Visual Studio 2015
Project("{FAE04EC0-301F-11D3-BF4B-00C04F79EFBC}") = "Jogo Pronto5.CSharp", "Jogo Pronto5.CSharp.csproj", "{B3333000-0068-CA67-6C65-7DEBE54B1C97}"
EndProject
Global
	GlobalSection(SolutionConfigurationPlatforms) = preSolution
		Debug|Any CPU = Debug|Any CPU
		Release|Any CPU = Release|Any CPU
	EndGlobalSection
	GlobalSection(ProjectConfigurationPlatforms) = postSolution
		{B3333000-0068-CA67-6C65-7DEBE54B1C97}.Debug|Any CPU.ActiveCfg = Debug|Any CPU
		{B3333000-0068-CA67-6C65-7DEBE54B1C97}.Debug|Any CPU.Build.0 = Debug|Any CPU
		{B3333000-0068-CA67-6C65-7DEBE54B1C97}.Release|Any CPU.ActiveCfg = Release|Any CPU
		{B3333000-0068-CA67-6C65-7DEBE54B1C97}.Release|Any CPU.Build.0 = Release|Any CPU
	EndGlobalSection
	GlobalSection(SolutionProperties) = preSolution
		HideSolutionNode = FALSE
	EndGlobalSection
EndGlobal
