Microsoft Visual Studio Solution File, Format Version 11.00
# Visual Studio 2008

Project("{B3693AFC-A8BF-6345-29BB-8543EE769C20}") = "Jogo Pronto6", "Assembly-CSharp.csproj", "{F2E2FAE4-D3F6-9ADF-06A0-CBB822CD0909}"
EndProject
Global
	GlobalSection(SolutionConfigurationPlatforms) = preSolution
		Debug|Any CPU = Debug|Any CPU
		Release|Any CPU = Release|Any CPU
	EndGlobalSection
	GlobalSection(ProjectConfigurationPlatforms) = postSolution
		{F2E2FAE4-D3F6-9ADF-06A0-CBB822CD0909}.Debug|Any CPU.ActiveCfg = Debug|Any CPU
		{F2E2FAE4-D3F6-9ADF-06A0-CBB822CD0909}.Debug|Any CPU.Build.0 = Debug|Any CPU
		{F2E2FAE4-D3F6-9ADF-06A0-CBB822CD0909}.Release|Any CPU.ActiveCfg = Release|Any CPU
		{F2E2FAE4-D3F6-9ADF-06A0-CBB822CD0909}.Release|Any CPU.Build.0 = Release|Any CPU
	EndGlobalSection
	GlobalSection(SolutionProperties) = preSolution
		HideSolutionNode = FALSE
	EndGlobalSection
	GlobalSection(MonoDevelopProperties) = preSolution
		StartupItem = Assembly-CSharp.csproj
	EndGlobalSection
EndGlobal
